// !$*UTF8*$!
{
	archiveVersion = 1;
	classes = {
	};
	objectVersion = 56;
	objects = {

/* Begin PBXBuildFile section */
		768C94832BCF1105003291A0 /* AppleUIFrameworksAppApp.swift in Sources */ = {isa = PBXBuildFile; fileRef = 768C94822BCF1105003291A0 /* AppleUIFrameworksAppApp.swift */; };
		768C94852BCF1105003291A0 /* ContentView.swift in Sources */ = {isa = PBXBuildFile; fileRef = 768C94842BCF1105003291A0 /* ContentView.swift */; };
		768C94872BCF110A003291A0 /* Assets.xcassets in Resources */ = {isa = PBXBuildFile; fileRef = 768C94862BCF110A003291A0 /* Assets.xcassets */; };
		768C948A2BCF110A003291A0 /* Preview Assets.xcassets in Resources */ = {isa = PBXBuildFile; fileRef = 768C94892BCF110A003291A0 /* Preview Assets.xcassets */; };
		768C94942BCF110A003291A0 /* AppleUIFrameworksAppTests.swift in Sources */ = {isa = PBXBuildFile; fileRef = 768C94932BCF110A003291A0 /* AppleUIFrameworksAppTests.swift */; };
		768C949E2BCF110A003291A0 /* AppleUIFrameworksAppUITests.swift in Sources */ = {isa = PBXBuildFile; fileRef = 768C949D2BCF110A003291A0 /* AppleUIFrameworksAppUITests.swift */; };
		768C94A02BCF110A003291A0 /* AppleUIFrameworksAppUITestsLaunchTests.swift in Sources */ = {isa = PBXBuildFile; fileRef = 768C949F2BCF110A003291A0 /* AppleUIFrameworksAppUITestsLaunchTests.swift */; };
/* End PBXBuildFile section */

/* Begin PBXContainerItemProxy section */
		768C94902BCF110A003291A0 /* PBXContainerItemProxy */ = {
			isa = PBXContainerItemProxy;
			containerPortal = 768C94772BCF1105003291A0 /* Project object */;
			proxyType = 1;
			remoteGlobalIDString = 768C947E2BCF1105003291A0;
			remoteInfo = AppleUIFrameworksApp;
		};
		768C949A2BCF110A003291A0 /* PBXContainerItemProxy */ = {
			isa = PBXContainerItemProxy;
			containerPortal = 768C94772BCF1105003291A0 /* Project object */;
			proxyType = 1;
			remoteGlobalIDString = 768C947E2BCF1105003291A0;
			remoteInfo = AppleUIFrameworksApp;
		};
/* End PBXContainerItemProxy section */

/* Begin PBXFileReference section */
		768C947F2BCF1105003291A0 /* AppleUIFrameworksApp.app */ = {isa = PBXFileReference; explicitFileType = wrapper.application; includeInIndex = 0; path = AppleUIFrameworksApp.app; sourceTree = BUILT_PRODUCTS_DIR; };
		768C94822BCF1105003291A0 /* AppleUIFrameworksAppApp.swift */ = {isa = PBXFileReference; lastKnownFileType = sourcecode.swift; path = AppleUIFrameworksAppApp.swift; sourceTree = "<group>"; };
		768C94842BCF1105003291A0 /* ContentView.swift */ = {isa = PBXFileReference; lastKnownFileType = sourcecode.swift; path = ContentView.swift; sourceTree = "<group>"; };
		768C94862BCF110A003291A0 /* Assets.xcassets */ = {isa = PBXFileReference; lastKnownFileType = folder.assetcatalog; path = Assets.xcassets; sourceTree = "<group>"; };
		768C94892BCF110A003291A0 /* Preview Assets.xcassets */ = {isa = PBXFileReference; lastKnownFileType = folder.assetcatalog; path = "Preview Assets.xcassets"; sourceTree = "<group>"; };
		768C948F2BCF110A003291A0 /* AppleUIFrameworksAppTests.xctest */ = {isa = PBXFileReference; explicitFileType = wrapper.cfbundle; includeInIndex = 0; path = AppleUIFrameworksAppTests.xctest; sourceTree = BUILT_PRODUCTS_DIR; };
		768C94932BCF110A003291A0 /* AppleUIFrameworksAppTests.swift */ = {isa = PBXFileReference; lastKnownFileType = sourcecode.swift; path = AppleUIFrameworksAppTests.swift; sourceTree = "<group>"; };
		768C94992BCF110A003291A0 /* AppleUIFrameworksAppUITests.xctest */ = {isa = PBXFileReference; explicitFileType = wrapper.cfbundle; includeInIndex = 0; path = AppleUIFrameworksAppUITests.xctest; sourceTree = BUILT_PRODUCTS_DIR; };
		768C949D2BCF110A003291A0 /* AppleUIFrameworksAppUITests.swift */ = {isa = PBXFileReference; lastKnownFileType = sourcecode.swift; path = AppleUIFrameworksAppUITests.swift; sourceTree = "<group>"; };
		768C949F2BCF110A003291A0 /* AppleUIFrameworksAppUITestsLaunchTests.swift */ = {isa = PBXFileReference; lastKnownFileType = sourcecode.swift; path = AppleUIFrameworksAppUITestsLaunchTests.swift; sourceTree = "<group>"; };
/* End PBXFileReference section */

/* Begin PBXFrameworksBuildPhase section */
		768C947C2BCF1105003291A0 /* Frameworks */ = {
			isa = PBXFrameworksBuildPhase;
			buildActionMask = 2147483647;
			files = (
			);
			runOnlyForDeploymentPostprocessing = 0;
		};
		768C948C2BCF110A003291A0 /* Frameworks */ = {
			isa = PBXFrameworksBuildPhase;
			buildActionMask = 2147483647;
			files = (
			);
			runOnlyForDeploymentPostprocessing = 0;
		};
		768C94962BCF110A003291A0 /* Frameworks */ = {
			isa = PBXFrameworksBuildPhase;
			buildActionMask = 2147483647;
			files = (
			);
			runOnlyForDeploymentPostprocessing = 0;
		};
/* End PBXFrameworksBuildPhase section */

/* Begin PBXGroup section */
		768C94762BCF1105003291A0 = {
			isa = PBXGroup;
			children = (
				768C94812BCF1105003291A0 /* AppleUIFrameworksApp */,
				768C94922BCF110A003291A0 /* AppleUIFrameworksAppTests */,
				768C949C2BCF110A003291A0 /* AppleUIFrameworksAppUITests */,
				768C94802BCF1105003291A0 /* Products */,
			);
			sourceTree = "<group>";
		};
		768C94802BCF1105003291A0 /* Products */ = {
			isa = PBXGroup;
			children = (
				768C947F2BCF1105003291A0 /* AppleUIFrameworksApp.app */,
				768C948F2BCF110A003291A0 /* AppleUIFrameworksAppTests.xctest */,
				768C94992BCF110A003291A0 /* AppleUIFrameworksAppUITests.xctest */,
			);
			name = Products;
			sourceTree = "<group>";
		};
		768C94812BCF1105003291A0 /* AppleUIFrameworksApp */ = {
			isa = PBXGroup;
			children = (
				768C94822BCF1105003291A0 /* AppleUIFrameworksAppApp.swift */,
				768C94842BCF1105003291A0 /* ContentView.swift */,
				768C94862BCF110A003291A0 /* Assets.xcassets */,
				768C94882BCF110A003291A0 /* Preview Content */,
			);
			path = AppleUIFrameworksApp;
			sourceTree = "<group>";
		};
		768C94882BCF110A003291A0 /* Preview Content */ = {
			isa = PBXGroup;
			children = (
				768C94892BCF110A003291A0 /* Preview Assets.xcassets */,
			);
			path = "Preview Content";
			sourceTree = "<group>";
		};
		768C94922BCF110A003291A0 /* AppleUIFrameworksAppTests */ = {
			isa = PBXGroup;
			children = (
				768C94932BCF110A003291A0 /* AppleUIFrameworksAppTests.swift */,
			);
			path = AppleUIFrameworksAppTests;
			sourceTree = "<group>";
		};
		768C949C2BCF110A003291A0 /* AppleUIFrameworksAppUITests */ = {
			isa = PBXGroup;
			children = (
				768C949D2BCF110A003291A0 /* AppleUIFrameworksAppUITests.swift */,
				768C949F2BCF110A003291A0 /* AppleUIFrameworksAppUITestsLaunchTests.swift */,
			);
			path = AppleUIFrameworksAppUITests;
			sourceTree = "<group>";
		};
/* End PBXGroup section */

/* Begin PBXNativeTarget section */
		768C947E2BCF1105003291A0 /* AppleUIFrameworksApp */ = {
			isa = PBXNativeTarget;
			buildConfigurationList = 768C94A32BCF110A003291A0 /* Build configuration list for PBXNativeTarget "AppleUIFrameworksApp" */;
			buildPhases = (
				768C947B2BCF1105003291A0 /* Sources */,
				768C947C2BCF1105003291A0 /* Frameworks */,
				768C947D2BCF1105003291A0 /* Resources */,
			);
			buildRules = (
			);
			dependencies = (
			);
			name = AppleUIFrameworksApp;
			productName = AppleUIFrameworksApp;
			productReference = 768C947F2BCF1105003291A0 /* AppleUIFrameworksApp.app */;
			productType = "com.apple.product-type.application";
		};
		768C948E2BCF110A003291A0 /* AppleUIFrameworksAppTests */ = {
			isa = PBXNativeTarget;
			buildConfigurationList = 768C94A62BCF110A003291A0 /* Build configuration list for PBXNativeTarget "AppleUIFrameworksAppTests" */;
			buildPhases = (
				768C948B2BCF110A003291A0 /* Sources */,
				768C948C2BCF110A003291A0 /* Frameworks */,
				768C948D2BCF110A003291A0 /* Resources */,
			);
			buildRules = (
			);
			dependencies = (
				768C94912BCF110A003291A0 /* PBXTargetDependency */,
			);
			name = AppleUIFrameworksAppTests;
			productName = AppleUIFrameworksAppTests;
			productReference = 768C948F2BCF110A003291A0 /* AppleUIFrameworksAppTests.xctest */;
			productType = "com.apple.product-type.bundle.unit-test";
		};
		768C94982BCF110A003291A0 /* AppleUIFrameworksAppUITests */ = {
			isa = PBXNativeTarget;
			buildConfigurationList = 768C94A92BCF110A003291A0 /* Build configuration list for PBXNativeTarget "AppleUIFrameworksAppUITests" */;
			buildPhases = (
				768C94952BCF110A003291A0 /* Sources */,
				768C94962BCF110A003291A0 /* Frameworks */,
				768C94972BCF110A003291A0 /* Resources */,
			);
			buildRules = (
			);
			dependencies = (
				768C949B2BCF110A003291A0 /* PBXTargetDependency */,
			);
			name = AppleUIFrameworksAppUITests;
			productName = AppleUIFrameworksAppUITests;
			productReference = 768C94992BCF110A003291A0 /* AppleUIFrameworksAppUITests.xctest */;
			productType = "com.apple.product-type.bundle.ui-testing";
		};
/* End PBXNativeTarget section */

/* Begin PBXProject section */
		768C94772BCF1105003291A0 /* Project object */ = {
			isa = PBXProject;
			attributes = {
				BuildIndependentTargetsInParallel = 1;
				LastSwiftUpdateCheck = 1520;
				LastUpgradeCheck = 1520;
				TargetAttributes = {
					768C947E2BCF1105003291A0 = {
						CreatedOnToolsVersion = 15.2;
					};
					768C948E2BCF110A003291A0 = {
						CreatedOnToolsVersion = 15.2;
						TestTargetID = 768C947E2BCF1105003291A0;
					};
					768C94982BCF110A003291A0 = {
						CreatedOnToolsVersion = 15.2;
						TestTargetID = 768C947E2BCF1105003291A0;
					};
				};
			};
			buildConfigurationList = 768C947A2BCF1105003291A0 /* Build configuration list for PBXProject "AppleUIFrameworksApp" */;
			compatibilityVersion = "Xcode 14.0";
			developmentRegion = en;
			hasScannedForEncodings = 0;
			knownRegions = (
				en,
				Base,
			);
			mainGroup = 768C94762BCF1105003291A0;
			productRefGroup = 768C94802BCF1105003291A0 /* Products */;
			projectDirPath = "";
			projectRoot = "";
			targets = (
				768C947E2BCF1105003291A0 /* AppleUIFrameworksApp */,
				768C948E2BCF110A003291A0 /* AppleUIFrameworksAppTests */,
				768C94982BCF110A003291A0 /* AppleUIFrameworksAppUITests */,
			);
		};
/* End PBXProject section */

/* Begin PBXResourcesBuildPhase section */
		768C947D2BCF1105003291A0 /* Resources */ = {
			isa = PBXResourcesBuildPhase;
			buildActionMask = 2147483647;
			files = (
				768C948A2BCF110A003291A0 /* Preview Assets.xcassets in Resources */,
				768C94872BCF110A003291A0 /* Assets.xcassets in Resources */,
			);
			runOnlyForDeploymentPostprocessing = 0;
		};
		768C948D2BCF110A003291A0 /* Resources */ = {
			isa = PBXResourcesBuildPhase;
			buildActionMask = 2147483647;
			files = (
			);
			runOnlyForDeploymentPostprocessing = 0;
		};
		768C94972BCF110A003291A0 /* Resources */ = {
			isa = PBXResourcesBuildPhase;
			buildActionMask = 2147483647;
			files = (
			);
			runOnlyForDeploymentPostprocessing = 0;
		};
/* End PBXResourcesBuildPhase section */

/* Begin PBXSourcesBuildPhase section */
		768C947B2BCF1105003291A0 /* Sources */ = {
			isa = PBXSourcesBuildPhase;
			buildActionMask = 2147483647;
			files = (
				768C94852BCF1105003291A0 /* ContentView.swift in Sources */,
				768C94832BCF1105003291A0 /* AppleUIFrameworksAppApp.swift in Sources */,
			);
			runOnlyForDeploymentPostprocessing = 0;
		};
		768C948B2BCF110A003291A0 /* Sources */ = {
			isa = PBXSourcesBuildPhase;
			buildActionMask = 2147483647;
			files = (
				768C94942BCF110A003291A0 /* AppleUIFrameworksAppTests.swift in Sources */,
			);
			runOnlyForDeploymentPostprocessing = 0;
		};
		768C94952BCF110A003291A0 /* Sources */ = {
			isa = PBXSourcesBuildPhase;
			buildActionMask = 2147483647;
			files = (
				768C94A02BCF110A003291A0 /* AppleUIFrameworksAppUITestsLaunchTests.swift in Sources */,
				768C949E2BCF110A003291A0 /* AppleUIFrameworksAppUITests.swift in Sources */,
			);
			runOnlyForDeploymentPostprocessing = 0;
		};
/* End PBXSourcesBuildPhase section */

/* Begin PBXTargetDependency section */
		768C94912BCF110A003291A0 /* PBXTargetDependency */ = {
			isa = PBXTargetDependency;
			target = 768C947E2BCF1105003291A0 /* AppleUIFrameworksApp */;
			targetProxy = 768C94902BCF110A003291A0 /* PBXContainerItemProxy */;
		};
		768C949B2BCF110A003291A0 /* PBXTargetDependency */ = {
			isa = PBXTargetDependency;
			target = 768C947E2BCF1105003291A0 /* AppleUIFrameworksApp */;
			targetProxy = 768C949A2BCF110A003291A0 /* PBXContainerItemProxy */;
		};
/* End PBXTargetDependency section */

/* Begin XCBuildConfiguration section */
		768C94A12BCF110A003291A0 /* Debug */ = {
			isa = XCBuildConfiguration;
			buildSettings = {
				ALWAYS_SEARCH_USER_PATHS = NO;
				ASSETCATALOG_COMPILER_GENERATE_SWIFT_ASSET_SYMBOL_EXTENSIONS = YES;
				CLANG_ANALYZER_NONNULL = YES;
				CLANG_ANALYZER_NUMBER_OBJECT_CONVERSION = YES_AGGRESSIVE;
				CLANG_CXX_LANGUAGE_STANDARD = "gnu++20";
				CLANG_ENABLE_MODULES = YES;
				CLANG_ENABLE_OBJC_ARC = YES;
				CLANG_ENABLE_OBJC_WEAK = YES;
				CLANG_WARN_BLOCK_CAPTURE_AUTORELEASING = YES;
				CLANG_WARN_BOOL_CONVERSION = YES;
				CLANG_WARN_COMMA = YES;
				CLANG_WARN_CONSTANT_CONVERSION = YES;
				CLANG_WARN_DEPRECATED_OBJC_IMPLEMENTATIONS = YES;
				CLANG_WARN_DIRECT_OBJC_ISA_USAGE = YES_ERROR;
				CLANG_WARN_DOCUMENTATION_COMMENTS = YES;
				CLANG_WARN_EMPTY_BODY = YES;
				CLANG_WARN_ENUM_CONVERSION = YES;
				CLANG_WARN_INFINITE_RECURSION = YES;
				CLANG_WARN_INT_CONVERSION = YES;
				CLANG_WARN_NON_LITERAL_NULL_CONVERSION = YES;
				CLANG_WARN_OBJC_IMPLICIT_RETAIN_SELF = YES;
				CLANG_WARN_OBJC_LITERAL_CONVERSION = YES;
				CLANG_WARN_OBJC_ROOT_CLASS = YES_ERROR;
				CLANG_WARN_QUOTED_INCLUDE_IN_FRAMEWORK_HEADER = YES;
				CLANG_WARN_RANGE_LOOP_ANALYSIS = YES;
				CLANG_WARN_STRICT_PROTOTYPES = YES;
				CLANG_WARN_SUSPICIOUS_MOVE = YES;
				CLANG_WARN_UNGUARDED_AVAILABILITY = YES_AGGRESSIVE;
				CLANG_WARN_UNREACHABLE_CODE = YES;
				CLANG_WARN__DUPLICATE_METHOD_MATCH = YES;
				COPY_PHASE_STRIP = NO;
				DEBUG_INFORMATION_FORMAT = dwarf;
				ENABLE_STRICT_OBJC_MSGSEND = YES;
				ENABLE_TESTABILITY = YES;
				ENABLE_USER_SCRIPT_SANDBOXING = YES;
				GCC_C_LANGUAGE_STANDARD = gnu17;
				GCC_DYNAMIC_NO_PIC = NO;
				GCC_NO_COMMON_BLOCKS = YES;
				GCC_OPTIMIZATION_LEVEL = 0;
				GCC_PREPROCESSOR_DEFINITIONS = (
					"DEBUG=1",
					"$(inherited)",
				);
				GCC_WARN_64_TO_32_BIT_CONVERSION = YES;
				GCC_WARN_ABOUT_RETURN_TYPE = YES_ERROR;
				GCC_WARN_UNDECLARED_SELECTOR = YES;
				GCC_WARN_UNINITIALIZED_AUTOS = YES_AGGRESSIVE;
				GCC_WARN_UNUSED_FUNCTION = YES;
				GCC_WARN_UNUSED_VARIABLE = YES;
				IPHONEOS_DEPLOYMENT_TARGET = 17.2;
				LOCALIZATION_PREFERS_STRING_CATALOGS = YES;
				MTL_ENABLE_DEBUG_INFO = INCLUDE_SOURCE;
				MTL_FAST_MATH = YES;
				ONLY_ACTIVE_ARCH = YES;
				SDKROOT = iphoneos;
				SWIFT_ACTIVE_COMPILATION_CONDITIONS = "DEBUG $(inherited)";
				SWIFT_OPTIMIZATION_LEVEL = "-Onone";
			};
			name = Debug;
		};
		768C94A22BCF110A003291A0 /* Release */ = {
			isa = XCBuildConfiguration;
			buildSettings = {
				ALWAYS_SEARCH_USER_PATHS = NO;
				ASSETCATALOG_COMPILER_GENERATE_SWIFT_ASSET_SYMBOL_EXTENSIONS = YES;
				CLANG_ANALYZER_NONNULL = YES;
				CLANG_ANALYZER_NUMBER_OBJECT_CONVERSION = YES_AGGRESSIVE;
				CLANG_CXX_LANGUAGE_STANDARD = "gnu++20";
				CLANG_ENABLE_MODULES = YES;
				CLANG_ENABLE_OBJC_ARC = YES;
				CLANG_ENABLE_OBJC_WEAK = YES;
				CLANG_WARN_BLOCK_CAPTURE_AUTORELEASING = YES;
				CLANG_WARN_BOOL_CONVERSION = YES;
				CLANG_WARN_COMMA = YES;
				CLANG_WARN_CONSTANT_CONVERSION = YES;
				CLANG_WARN_DEPRECATED_OBJC_IMPLEMENTATIONS = YES;
				CLANG_WARN_DIRECT_OBJC_ISA_USAGE = YES_ERROR;
				CLANG_WARN_DOCUMENTATION_COMMENTS = YES;
				CLANG_WARN_EMPTY_BODY = YES;
				CLANG_WARN_ENUM_CONVERSION = YES;
				CLANG_WARN_INFINITE_RECURSION = YES;
				CLANG_WARN_INT_CONVERSION = YES;
				CLANG_WARN_NON_LITERAL_NULL_CONVERSION = YES;
				CLANG_WARN_OBJC_IMPLICIT_RETAIN_SELF = YES;
				CLANG_WARN_OBJC_LITERAL_CONVERSION = YES;
				CLANG_WARN_OBJC_ROOT_CLASS = YES_ERROR;
				CLANG_WARN_QUOTED_INCLUDE_IN_FRAMEWORK_HEADER = YES;
				CLANG_WARN_RANGE_LOOP_ANALYSIS = YES;
				CLANG_WARN_STRICT_PROTOTYPES = YES;
				CLANG_WARN_SUSPICIOUS_MOVE = YES;
				CLANG_WARN_UNGUARDED_AVAILABILITY = YES_AGGRESSIVE;
				CLANG_WARN_UNREACHABLE_CODE = YES;
				CLANG_WARN__DUPLICATE_METHOD_MATCH = YES;
				COPY_PHASE_STRIP = NO;
				DEBUG_INFORMATION_FORMAT = "dwarf-with-dsym";
				ENABLE_NS_ASSERTIONS = NO;
				ENABLE_STRICT_OBJC_MSGSEND = YES;
				ENABLE_USER_SCRIPT_SANDBOXING = YES;
				GCC_C_LANGUAGE_STANDARD = gnu17;
				GCC_NO_COMMON_BLOCKS = YES;
				GCC_WARN_64_TO_32_BIT_CONVERSION = YES;
				GCC_WARN_ABOUT_RETURN_TYPE = YES_ERROR;
				GCC_WARN_UNDECLARED_SELECTOR = YES;
				GCC_WARN_UNINITIALIZED_AUTOS = YES_AGGRESSIVE;
				GCC_WARN_UNUSED_FUNCTION = YES;
				GCC_WARN_UNUSED_VARIABLE = YES;
				IPHONEOS_DEPLOYMENT_TARGET = 17.2;
				LOCALIZATION_PREFERS_STRING_CATALOGS = YES;
				MTL_ENABLE_DEBUG_INFO = NO;
				MTL_FAST_MATH = YES;
				SDKROOT = iphoneos;
				SWIFT_COMPILATION_MODE = wholemodule;
				VALIDATE_PRODUCT = YES;
			};
			name = Release;
		};
		768C94A42BCF110A003291A0 /* Debug */ = {
			isa = XCBuildConfiguration;
			buildSettings = {
				ASSETCATALOG_COMPILER_APPICON_NAME = AppIcon;
				ASSETCATALOG_COMPILER_GLOBAL_ACCENT_COLOR_NAME = AccentColor;
				CODE_SIGN_STYLE = Automatic;
				CURRENT_PROJECT_VERSION = 1;
				DEVELOPMENT_ASSET_PATHS = "\"AppleUIFrameworksApp/Preview Content\"";
				DEVELOPMENT_TEAM = U5U7NZJ263;
				ENABLE_PREVIEWS = YES;
				GENERATE_INFOPLIST_FILE = YES;
				INFOPLIST_KEY_UIApplicationSceneManifest_Generation = YES;
				INFOPLIST_KEY_UIApplicationSupportsIndirectInputEvents = YES;
				INFOPLIST_KEY_UILaunchScreen_Generation = YES;
				INFOPLIST_KEY_UISupportedInterfaceOrientations_iPad = "UIInterfaceOrientationPortrait UIInterfaceOrientationPortraitUpsideDown UIInterfaceOrientationLandscapeLeft UIInterfaceOrientationLandscapeRight";
				INFOPLIST_KEY_UISupportedInterfaceOrientations_iPhone = "UIInterfaceOrientationPortrait UIInterfaceOrientationLandscapeLeft UIInterfaceOrientationLandscapeRight";
				LD_RUNPATH_SEARCH_PATHS = (
					"$(inherited)",
					"@executable_path/Frameworks",
				);
				MARKETING_VERSION = 1.0;
				PRODUCT_BUNDLE_IDENTIFIER = com.nazzyworld.AppleUIFrameworksApp;
				PRODUCT_NAME = "$(TARGET_NAME)";
				SWIFT_EMIT_LOC_STRINGS = YES;
				SWIFT_VERSION = 5.0;
				TARGETED_DEVICE_FAMILY = "1,2";
			};
			name = Debug;
		};
		768C94A52BCF110A003291A0 /* Release */ = {
			isa = XCBuildConfiguration;
			buildSettings = {
				ASSETCATALOG_COMPILER_APPICON_NAME = AppIcon;
				ASSETCATALOG_COMPILER_GLOBAL_ACCENT_COLOR_NAME = AccentColor;
				CODE_SIGN_STYLE = Automatic;
				CURRENT_PROJECT_VERSION = 1;
				DEVELOPMENT_ASSET_PATHS = "\"AppleUIFrameworksApp/Preview Content\"";
				DEVELOPMENT_TEAM = U5U7NZJ263;
				ENABLE_PREVIEWS = YES;
				GENERATE_INFOPLIST_FILE = YES;
				INFOPLIST_KEY_UIApplicationSceneManifest_Generation = YES;
				INFOPLIST_KEY_UIApplicationSupportsIndirectInputEvents = YES;
				INFOPLIST_KEY_UILaunchScreen_Generation = YES;
				INFOPLIST_KEY_UISupportedInterfaceOrientations_iPad = "UIInterfaceOrientationPortrait UIInterfaceOrientationPortraitUpsideDown UIInterfaceOrientationLandscapeLeft UIInterfaceOrientationLandscapeRight";
				INFOPLIST_KEY_UISupportedInterfaceOrientations_iPhone = "UIInterfaceOrientationPortrait UIInterfaceOrientationLandscapeLeft UIInterfaceOrientationLandscapeRight";
				LD_RUNPATH_SEARCH_PATHS = (
					"$(inherited)",
					"@executable_path/Frameworks",
				);
				MARKETING_VERSION = 1.0;
				PRODUCT_BUNDLE_IDENTIFIER = com.nazzyworld.AppleUIFrameworksApp;
				PRODUCT_NAME = "$(TARGET_NAME)";
				SWIFT_EMIT_LOC_STRINGS = YES;
				SWIFT_VERSION = 5.0;
				TARGETED_DEVICE_FAMILY = "1,2";
			};
			name = Release;
		};
		768C94A72BCF110A003291A0 /* Debug */ = {
			isa = XCBuildConfiguration;
			buildSettings = {
				ALWAYS_EMBED_SWIFT_STANDARD_LIBRARIES = YES;
				BUNDLE_LOADER = "$(TEST_HOST)";
				CODE_SIGN_STYLE = Automatic;
				CURRENT_PROJECT_VERSION = 1;
				DEVELOPMENT_TEAM = U5U7NZJ263;
				GENERATE_INFOPLIST_FILE = YES;
				IPHONEOS_DEPLOYMENT_TARGET = 17.2;
				MARKETING_VERSION = 1.0;
				PRODUCT_BUNDLE_IDENTIFIER = com.nazzyworld.AppleUIFrameworksAppTests;
				PRODUCT_NAME = "$(TARGET_NAME)";
				SWIFT_EMIT_LOC_STRINGS = NO;
				SWIFT_VERSION = 5.0;
				TARGETED_DEVICE_FAMILY = "1,2";
				TEST_HOST = "$(BUILT_PRODUCTS_DIR)/AppleUIFrameworksApp.app/$(BUNDLE_EXECUTABLE_FOLDER_PATH)/AppleUIFrameworksApp";
			};
			name = Debug;
		};
		768C94A82BCF110A003291A0 /* Release */ = {
			isa = XCBuildConfiguration;
			buildSettings = {
				ALWAYS_EMBED_SWIFT_STANDARD_LIBRARIES = YES;
				BUNDLE_LOADER = "$(TEST_HOST)";
				CODE_SIGN_STYLE = Automatic;
				CURRENT_PROJECT_VERSION = 1;
				DEVELOPMENT_TEAM = U5U7NZJ263;
				GENERATE_INFOPLIST_FILE = YES;
				IPHONEOS_DEPLOYMENT_TARGET = 17.2;
				MARKETING_VERSION = 1.0;
				PRODUCT_BUNDLE_IDENTIFIER = com.nazzyworld.AppleUIFrameworksAppTests;
				PRODUCT_NAME = "$(TARGET_NAME)";
				SWIFT_EMIT_LOC_STRINGS = NO;
				SWIFT_VERSION = 5.0;
				TARGETED_DEVICE_FAMILY = "1,2";
				TEST_HOST = "$(BUILT_PRODUCTS_DIR)/AppleUIFrameworksApp.app/$(BUNDLE_EXECUTABLE_FOLDER_PATH)/AppleUIFrameworksApp";
			};
			name = Release;
		};
		768C94AA2BCF110A003291A0 /* Debug */ = {
			isa = XCBuildConfiguration;
			buildSettings = {
				ALWAYS_EMBED_SWIFT_STANDARD_LIBRARIES = YES;
				CODE_SIGN_STYLE = Automatic;
				CURRENT_PROJECT_VERSION = 1;
				DEVELOPMENT_TEAM = U5U7NZJ263;
				GENERATE_INFOPLIST_FILE = YES;
				MARKETING_VERSION = 1.0;
				PRODUCT_BUNDLE_IDENTIFIER = com.nazzyworld.AppleUIFrameworksAppUITests;
				PRODUCT_NAME = "$(TARGET_NAME)";
				SWIFT_EMIT_LOC_STRINGS = NO;
				SWIFT_VERSION = 5.0;
				TARGETED_DEVICE_FAMILY = "1,2";
				TEST_TARGET_NAME = AppleUIFrameworksApp;
			};
			name = Debug;
		};
		768C94AB2BCF110A003291A0 /* Release */ = {
			isa = XCBuildConfiguration;
			buildSettings = {
				ALWAYS_EMBED_SWIFT_STANDARD_LIBRARIES = YES;
				CODE_SIGN_STYLE = Automatic;
				CURRENT_PROJECT_VERSION = 1;
				DEVELOPMENT_TEAM = U5U7NZJ263;
				GENERATE_INFOPLIST_FILE = YES;
				MARKETING_VERSION = 1.0;
				PRODUCT_BUNDLE_IDENTIFIER = com.nazzyworld.AppleUIFrameworksAppUITests;
				PRODUCT_NAME = "$(TARGET_NAME)";
				SWIFT_EMIT_LOC_STRINGS = NO;
				SWIFT_VERSION = 5.0;
				TARGETED_DEVICE_FAMILY = "1,2";
				TEST_TARGET_NAME = AppleUIFrameworksApp;
			};
			name = Release;
		};
/* End XCBuildConfiguration section */

/* Begin XCConfigurationList section */
		768C947A2BCF1105003291A0 /* Build configuration list for PBXProject "AppleUIFrameworksApp" */ = {
			isa = XCConfigurationList;
			buildConfigurations = (
				768C94A12BCF110A003291A0 /* Debug */,
				768C94A22BCF110A003291A0 /* Release */,
			);
			defaultConfigurationIsVisible = 0;
			defaultConfigurationName = Release;
		};
		768C94A32BCF110A003291A0 /* Build configuration list for PBXNativeTarget "AppleUIFrameworksApp" */ = {
			isa = XCConfigurationList;
			buildConfigurations = (
				768C94A42BCF110A003291A0 /* Debug */,
				768C94A52BCF110A003291A0 /* Release */,
			);
			defaultConfigurationIsVisible = 0;
			defaultConfigurationName = Release;
		};
		768C94A62BCF110A003291A0 /* Build configuration list for PBXNativeTarget "AppleUIFrameworksAppTests" */ = {
			isa = XCConfigurationList;
			buildConfigurations = (
				768C94A72BCF110A003291A0 /* Debug */,
				768C94A82BCF110A003291A0 /* Release */,
			);
			defaultConfigurationIsVisible = 0;
			defaultConfigurationName = Release;
		};
		768C94A92BCF110A003291A0 /* Build configuration list for PBXNativeTarget "AppleUIFrameworksAppUITests" */ = {
			isa = XCConfigurationList;
			buildConfigurations = (
				768C94AA2BCF110A003291A0 /* Debug */,
				768C94AB2BCF110A003291A0 /* Release */,
			);
			defaultConfigurationIsVisible = 0;
			defaultConfigurationName = Release;
		};
/* End XCConfigurationList section */
	};
	rootObject = 768C94772BCF1105003291A0 /* Project object */;
}
